// !$*UTF8*$!
{
	archiveVersion = 1;
	classes = {
	};
	objectVersion = 50;
	objects = {

/* Begin PBXBuildFile section */
		3373C5D2246E72090009BB0D /* AppDelegate.swift in Sources */ = {isa = PBXBuildFile; fileRef = 3373C5D1246E72090009BB0D /* AppDelegate.swift */; };
		3373C5D4246E72090009BB0D /* SceneDelegate.swift in Sources */ = {isa = PBXBuildFile; fileRef = 3373C5D3246E72090009BB0D /* SceneDelegate.swift */; };
		3373C5D6246E72090009BB0D /* ViewController.swift in Sources */ = {isa = PBXBuildFile; fileRef = 3373C5D5246E72090009BB0D /* ViewController.swift */; };
		3373C5D9246E72090009BB0D /* Main.storyboard in Resources */ = {isa = PBXBuildFile; fileRef = 3373C5D7246E72090009BB0D /* Main.storyboard */; };
		3373C5DB246E72130009BB0D /* Assets.xcassets in Resources */ = {isa = PBXBuildFile; fileRef = 3373C5DA246E72130009BB0D /* Assets.xcassets */; };
		3373C5DE246E72130009BB0D /* LaunchScreen.storyboard in Resources */ = {isa = PBXBuildFile; fileRef = 3373C5DC246E72130009BB0D /* LaunchScreen.storyboard */; };
		3373C5E9246E72130009BB0D /* GachaTests.swift in Sources */ = {isa = PBXBuildFile; fileRef = 3373C5E8246E72130009BB0D /* GachaTests.swift */; };
		3373C5F4246E72130009BB0D /* GachaUITests.swift in Sources */ = {isa = PBXBuildFile; fileRef = 3373C5F3246E72130009BB0D /* GachaUITests.swift */; };
		3373C612246E72B90009BB0D /* bg_blue@2x.png in Resources */ = {isa = PBXBuildFile; fileRef = 3373C603246E72B90009BB0D /* bg_blue@2x.png */; };
		3373C613246E72B90009BB0D /* bg_gold@2x.png in Resources */ = {isa = PBXBuildFile; fileRef = 3373C604246E72B90009BB0D /* bg_gold@2x.png */; };
		3373C614246E72B90009BB0D /* gacha@2x.png in Resources */ = {isa = PBXBuildFile; fileRef = 3373C605246E72B90009BB0D /* gacha@2x.png */; };
		3373C615246E72B90009BB0D /* bg_red@2x.png in Resources */ = {isa = PBXBuildFile; fileRef = 3373C606246E72B90009BB0D /* bg_red@2x.png */; };
		3373C616246E72B90009BB0D /* monster005.png in Resources */ = {isa = PBXBuildFile; fileRef = 3373C608246E72B90009BB0D /* monster005.png */; };
		3373C617246E72B90009BB0D /* monster010.png in Resources */ = {isa = PBXBuildFile; fileRef = 3373C609246E72B90009BB0D /* monster010.png */; };
		3373C618246E72B90009BB0D /* monster004.png in Resources */ = {isa = PBXBuildFile; fileRef = 3373C60A246E72B90009BB0D /* monster004.png */; };
		3373C619246E72B90009BB0D /* monster006.png in Resources */ = {isa = PBXBuildFile; fileRef = 3373C60B246E72B90009BB0D /* monster006.png */; };
		3373C61A246E72B90009BB0D /* monster007.png in Resources */ = {isa = PBXBuildFile; fileRef = 3373C60C246E72B90009BB0D /* monster007.png */; };
		3373C61B246E72B90009BB0D /* monster003.png in Resources */ = {isa = PBXBuildFile; fileRef = 3373C60D246E72B90009BB0D /* monster003.png */; };
		3373C61C246E72B90009BB0D /* monster002.png in Resources */ = {isa = PBXBuildFile; fileRef = 3373C60E246E72B90009BB0D /* monster002.png */; };
		3373C61D246E72B90009BB0D /* monster001.png in Resources */ = {isa = PBXBuildFile; fileRef = 3373C60F246E72B90009BB0D /* monster001.png */; };
		3373C61E246E72B90009BB0D /* monster009.png in Resources */ = {isa = PBXBuildFile; fileRef = 3373C610246E72B90009BB0D /* monster009.png */; };
		3373C61F246E72B90009BB0D /* monster008.png in Resources */ = {isa = PBXBuildFile; fileRef = 3373C611246E72B90009BB0D /* monster008.png */; };
		3373C621246E75750009BB0D /* ResultViewController.swift in Sources */ = {isa = PBXBuildFile; fileRef = 3373C620246E75750009BB0D /* ResultViewController.swift */; };
/* End PBXBuildFile section */

/* Begin PBXContainerItemProxy section */
		3373C5E5246E72130009BB0D /* PBXContainerItemProxy */ = {
			isa = PBXContainerItemProxy;
			containerPortal = 3373C5C6246E72090009BB0D /* Project object */;
			proxyType = 1;
			remoteGlobalIDString = 3373C5CD246E72090009BB0D;
			remoteInfo = Gacha;
		};
		3373C5F0246E72130009BB0D /* PBXContainerItemProxy */ = {
			isa = PBXContainerItemProxy;
			containerPortal = 3373C5C6246E72090009BB0D /* Project object */;
			proxyType = 1;
			remoteGlobalIDString = 3373C5CD246E72090009BB0D;
			remoteInfo = Gacha;
		};
/* End PBXContainerItemProxy section */

/* Begin PBXFileReference section */
		3373C5CE246E72090009BB0D /* Gacha.app */ = {isa = PBXFileReference; explicitFileType = wrapper.application; includeInIndex = 0; path = Gacha.app; sourceTree = BUILT_PRODUCTS_DIR; };
		3373C5D1246E72090009BB0D /* AppDelegate.swift */ = {isa = PBXFileReference; lastKnownFileType = sourcecode.swift; path = AppDelegate.swift; sourceTree = "<group>"; };
		3373C5D3246E72090009BB0D /* SceneDelegate.swift */ = {isa = PBXFileReference; lastKnownFileType = sourcecode.swift; path = SceneDelegate.swift; sourceTree = "<group>"; };
		3373C5D5246E72090009BB0D /* ViewController.swift */ = {isa = PBXFileReference; lastKnownFileType = sourcecode.swift; path = ViewController.swift; sourceTree = "<group>"; };
		3373C5D8246E72090009BB0D /* Base */ = {isa = PBXFileReference; lastKnownFileType = file.storyboard; name = Base; path = Base.lproj/Main.storyboard; sourceTree = "<group>"; };
		3373C5DA246E72130009BB0D /* Assets.xcassets */ = {isa = PBXFileReference; lastKnownFileType = folder.assetcatalog; path = Assets.xcassets; sourceTree = "<group>"; };
		3373C5DD246E72130009BB0D /* Base */ = {isa = PBXFileReference; lastKnownFileType = file.storyboard; name = Base; path = Base.lproj/LaunchScreen.storyboard; sourceTree = "<group>"; };
		3373C5DF246E72130009BB0D /* Info.plist */ = {isa = PBXFileReference; lastKnownFileType = text.plist.xml; path = Info.plist; sourceTree = "<group>"; };
		3373C5E4246E72130009BB0D /* GachaTests.xctest */ = {isa = PBXFileReference; explicitFileType = wrapper.cfbundle; includeInIndex = 0; path = GachaTests.xctest; sourceTree = BUILT_PRODUCTS_DIR; };
		3373C5E8246E72130009BB0D /* GachaTests.swift */ = {isa = PBXFileReference; lastKnownFileType = sourcecode.swift; path = GachaTests.swift; sourceTree = "<group>"; };
		3373C5EA246E72130009BB0D /* Info.plist */ = {isa = PBXFileReference; lastKnownFileType = text.plist.xml; path = Info.plist; sourceTree = "<group>"; };
		3373C5EF246E72130009BB0D /* GachaUITests.xctest */ = {isa = PBXFileReference; explicitFileType = wrapper.cfbundle; includeInIndex = 0; path = GachaUITests.xctest; sourceTree = BUILT_PRODUCTS_DIR; };
		3373C5F3246E72130009BB0D /* GachaUITests.swift */ = {isa = PBXFileReference; lastKnownFileType = sourcecode.swift; path = GachaUITests.swift; sourceTree = "<group>"; };
		3373C5F5246E72130009BB0D /* Info.plist */ = {isa = PBXFileReference; lastKnownFileType = text.plist.xml; path = Info.plist; sourceTree = "<group>"; };
		3373C603246E72B90009BB0D /* bg_blue@2x.png */ = {isa = PBXFileReference; lastKnownFileType = image.png; path = "bg_blue@2x.png"; sourceTree = "<group>"; };
		3373C604246E72B90009BB0D /* bg_gold@2x.png */ = {isa = PBXFileReference; lastKnownFileType = image.png; path = "bg_gold@2x.png"; sourceTree = "<group>"; };
		3373C605246E72B90009BB0D /* gacha@2x.png */ = {isa = PBXFileReference; lastKnownFileType = image.png; path = "gacha@2x.png"; sourceTree = "<group>"; };
		3373C606246E72B90009BB0D /* bg_red@2x.png */ = {isa = PBXFileReference; lastKnownFileType = image.png; path = "bg_red@2x.png"; sourceTree = "<group>"; };
		3373C608246E72B90009BB0D /* monster005.png */ = {isa = PBXFileReference; lastKnownFileType = image.png; path = monster005.png; sourceTree = "<group>"; };
		3373C609246E72B90009BB0D /* monster010.png */ = {isa = PBXFileReference; lastKnownFileType = image.png; path = monster010.png; sourceTree = "<group>"; };
		3373C60A246E72B90009BB0D /* monster004.png */ = {isa = PBXFileReference; lastKnownFileType = image.png; path = monster004.png; sourceTree = "<group>"; };
		3373C60B246E72B90009BB0D /* monster006.png */ = {isa = PBXFileReference; lastKnownFileType = image.png; path = monster006.png; sourceTree = "<group>"; };
		3373C60C246E72B90009BB0D /* monster007.png */ = {isa = PBXFileReference; lastKnownFileType = image.png; path = monster007.png; sourceTree = "<group>"; };
		3373C60D246E72B90009BB0D /* monster003.png */ = {isa = PBXFileReference; lastKnownFileType = image.png; path = monster003.png; sourceTree = "<group>"; };
		3373C60E246E72B90009BB0D /* monster002.png */ = {isa = PBXFileReference; lastKnownFileType = image.png; path = monster002.png; sourceTree = "<group>"; };
		3373C60F246E72B90009BB0D /* monster001.png */ = {isa = PBXFileReference; lastKnownFileType = image.png; path = monster001.png; sourceTree = "<group>"; };
		3373C610246E72B90009BB0D /* monster009.png */ = {isa = PBXFileReference; lastKnownFileType = image.png; path = monster009.png; sourceTree = "<group>"; };
		3373C611246E72B90009BB0D /* monster008.png */ = {isa = PBXFileReference; lastKnownFileType = image.png; path = monster008.png; sourceTree = "<group>"; };
		3373C620246E75750009BB0D /* ResultViewController.swift */ = {isa = PBXFileReference; lastKnownFileType = sourcecode.swift; path = ResultViewController.swift; sourceTree = "<group>"; };
/* End PBXFileReference section */

/* Begin PBXFrameworksBuildPhase section */
		3373C5CB246E72090009BB0D /* Frameworks */ = {
			isa = PBXFrameworksBuildPhase;
			buildActionMask = 2147483647;
			files = (
			);
			runOnlyForDeploymentPostprocessing = 0;
		};
		3373C5E1246E72130009BB0D /* Frameworks */ = {
			isa = PBXFrameworksBuildPhase;
			buildActionMask = 2147483647;
			files = (
			);
			runOnlyForDeploymentPostprocessing = 0;
		};
		3373C5EC246E72130009BB0D /* Frameworks */ = {
			isa = PBXFrameworksBuildPhase;
			buildActionMask = 2147483647;
			files = (
			);
			runOnlyForDeploymentPostprocessing = 0;
		};
/* End PBXFrameworksBuildPhase section */

/* Begin PBXGroup section */
		3373C5C5246E72090009BB0D = {
			isa = PBXGroup;
			children = (
				3373C5D0246E72090009BB0D /* Gacha */,
				3373C5E7246E72130009BB0D /* GachaTests */,
				3373C5F2246E72130009BB0D /* GachaUITests */,
				3373C5CF246E72090009BB0D /* Products */,
			);
			sourceTree = "<group>";
		};
		3373C5CF246E72090009BB0D /* Products */ = {
			isa = PBXGroup;
			children = (
				3373C5CE246E72090009BB0D /* Gacha.app */,
				3373C5E4246E72130009BB0D /* GachaTests.xctest */,
				3373C5EF246E72130009BB0D /* GachaUITests.xctest */,
			);
			name = Products;
			sourceTree = "<group>";
		};
		3373C5D0246E72090009BB0D /* Gacha */ = {
			isa = PBXGroup;
			children = (
				3373C601246E72B90009BB0D /* GachaResources */,
				3373C5D1246E72090009BB0D /* AppDelegate.swift */,
				3373C5D3246E72090009BB0D /* SceneDelegate.swift */,
				3373C5D5246E72090009BB0D /* ViewController.swift */,
				3373C5D7246E72090009BB0D /* Main.storyboard */,
				3373C5DA246E72130009BB0D /* Assets.xcassets */,
				3373C5DC246E72130009BB0D /* LaunchScreen.storyboard */,
				3373C5DF246E72130009BB0D /* Info.plist */,
				3373C620246E75750009BB0D /* ResultViewController.swift */,
			);
			path = Gacha;
			sourceTree = "<group>";
		};
		3373C5E7246E72130009BB0D /* GachaTests */ = {
			isa = PBXGroup;
			children = (
				3373C5E8246E72130009BB0D /* GachaTests.swift */,
				3373C5EA246E72130009BB0D /* Info.plist */,
			);
			path = GachaTests;
			sourceTree = "<group>";
		};
		3373C5F2246E72130009BB0D /* GachaUITests */ = {
			isa = PBXGroup;
			children = (
				3373C5F3246E72130009BB0D /* GachaUITests.swift */,
				3373C5F5246E72130009BB0D /* Info.plist */,
			);
			path = GachaUITests;
			sourceTree = "<group>";
		};
		3373C601246E72B90009BB0D /* GachaResources */ = {
			isa = PBXGroup;
			children = (
				3373C602246E72B90009BB0D /* background */,
				3373C607246E72B90009BB0D /* monster */,
			);
			path = GachaResources;
			sourceTree = "<group>";
		};
		3373C602246E72B90009BB0D /* background */ = {
			isa = PBXGroup;
			children = (
				3373C603246E72B90009BB0D /* bg_blue@2x.png */,
				3373C604246E72B90009BB0D /* bg_gold@2x.png */,
				3373C605246E72B90009BB0D /* gacha@2x.png */,
				3373C606246E72B90009BB0D /* bg_red@2x.png */,
			);
			path = background;
			sourceTree = "<group>";
		};
		3373C607246E72B90009BB0D /* monster */ = {
			isa = PBXGroup;
			children = (
				3373C608246E72B90009BB0D /* monster005.png */,
				3373C609246E72B90009BB0D /* monster010.png */,
				3373C60A246E72B90009BB0D /* monster004.png */,
				3373C60B246E72B90009BB0D /* monster006.png */,
				3373C60C246E72B90009BB0D /* monster007.png */,
				3373C60D246E72B90009BB0D /* monster003.png */,
				3373C60E246E72B90009BB0D /* monster002.png */,
				3373C60F246E72B90009BB0D /* monster001.png */,
				3373C610246E72B90009BB0D /* monster009.png */,
				3373C611246E72B90009BB0D /* monster008.png */,
			);
			path = monster;
			sourceTree = "<group>";
		};
/* End PBXGroup section */

/* Begin PBXNativeTarget section */
		3373C5CD246E72090009BB0D /* Gacha */ = {
			isa = PBXNativeTarget;
			buildConfigurationList = 3373C5F8246E72130009BB0D /* Build configuration list for PBXNativeTarget "Gacha" */;
			buildPhases = (
				3373C5CA246E72090009BB0D /* Sources */,
				3373C5CB246E72090009BB0D /* Frameworks */,
				3373C5CC246E72090009BB0D /* Resources */,
			);
			buildRules = (
			);
			dependencies = (
			);
			name = Gacha;
			productName = Gacha;
			productReference = 3373C5CE246E72090009BB0D /* Gacha.app */;
			productType = "com.apple.product-type.application";
		};
		3373C5E3246E72130009BB0D /* GachaTests */ = {
			isa = PBXNativeTarget;
			buildConfigurationList = 3373C5FB246E72130009BB0D /* Build configuration list for PBXNativeTarget "GachaTests" */;
			buildPhases = (
				3373C5E0246E72130009BB0D /* Sources */,
				3373C5E1246E72130009BB0D /* Frameworks */,
				3373C5E2246E72130009BB0D /* Resources */,
			);
			buildRules = (
			);
			dependencies = (
				3373C5E6246E72130009BB0D /* PBXTargetDependency */,
			);
			name = GachaTests;
			productName = GachaTests;
			productReference = 3373C5E4246E72130009BB0D /* GachaTests.xctest */;
			productType = "com.apple.product-type.bundle.unit-test";
		};
		3373C5EE246E72130009BB0D /* GachaUITests */ = {
			isa = PBXNativeTarget;
			buildConfigurationList = 3373C5FE246E72130009BB0D /* Build configuration list for PBXNativeTarget "GachaUITests" */;
			buildPhases = (
				3373C5EB246E72130009BB0D /* Sources */,
				3373C5EC246E72130009BB0D /* Frameworks */,
				3373C5ED246E72130009BB0D /* Resources */,
			);
			buildRules = (
			);
			dependencies = (
				3373C5F1246E72130009BB0D /* PBXTargetDependency */,
			);
			name = GachaUITests;
			productName = GachaUITests;
			productReference = 3373C5EF246E72130009BB0D /* GachaUITests.xctest */;
			productType = "com.apple.product-type.bundle.ui-testing";
		};
/* End PBXNativeTarget section */

/* Begin PBXProject section */
		3373C5C6246E72090009BB0D /* Project object */ = {
			isa = PBXProject;
			attributes = {
				LastSwiftUpdateCheck = 1140;
				LastUpgradeCheck = 1140;
				ORGANIZATIONNAME = "nishiwaki sen";
				TargetAttributes = {
					3373C5CD246E72090009BB0D = {
						CreatedOnToolsVersion = 11.4.1;
					};
					3373C5E3246E72130009BB0D = {
						CreatedOnToolsVersion = 11.4.1;
						TestTargetID = 3373C5CD246E72090009BB0D;
					};
					3373C5EE246E72130009BB0D = {
						CreatedOnToolsVersion = 11.4.1;
						TestTargetID = 3373C5CD246E72090009BB0D;
					};
				};
			};
			buildConfigurationList = 3373C5C9246E72090009BB0D /* Build configuration list for PBXProject "Gacha" */;
			compatibilityVersion = "Xcode 9.3";
			developmentRegion = en;
			hasScannedForEncodings = 0;
			knownRegions = (
				en,
				Base,
			);
			mainGroup = 3373C5C5246E72090009BB0D;
			productRefGroup = 3373C5CF246E72090009BB0D /* Products */;
			projectDirPath = "";
			projectRoot = "";
			targets = (
				3373C5CD246E72090009BB0D /* Gacha */,
				3373C5E3246E72130009BB0D /* GachaTests */,
				3373C5EE246E72130009BB0D /* GachaUITests */,
			);
		};
/* End PBXProject section */

/* Begin PBXResourcesBuildPhase section */
		3373C5CC246E72090009BB0D /* Resources */ = {
			isa = PBXResourcesBuildPhase;
			buildActionMask = 2147483647;
			files = (
				3373C615246E72B90009BB0D /* bg_red@2x.png in Resources */,
				3373C5DE246E72130009BB0D /* LaunchScreen.storyboard in Resources */,
				3373C61E246E72B90009BB0D /* monster009.png in Resources */,
				3373C613246E72B90009BB0D /* bg_gold@2x.png in Resources */,
				3373C61B246E72B90009BB0D /* monster003.png in Resources */,
				3373C61D246E72B90009BB0D /* monster001.png in Resources */,
				3373C61F246E72B90009BB0D /* monster008.png in Resources */,
				3373C5DB246E72130009BB0D /* Assets.xcassets in Resources */,
				3373C61A246E72B90009BB0D /* monster007.png in Resources */,
				3373C614246E72B90009BB0D /* gacha@2x.png in Resources */,
				3373C61C246E72B90009BB0D /* monster002.png in Resources */,
				3373C5D9246E72090009BB0D /* Main.storyboard in Resources */,
				3373C617246E72B90009BB0D /* monster010.png in Resources */,
				3373C619246E72B90009BB0D /* monster006.png in Resources */,
				3373C616246E72B90009BB0D /* monster005.png in Resources */,
				3373C612246E72B90009BB0D /* bg_blue@2x.png in Resources */,
				3373C618246E72B90009BB0D /* monster004.png in Resources */,
			);
			runOnlyForDeploymentPostprocessing = 0;
		};
		3373C5E2246E72130009BB0D /* Resources */ = {
			isa = PBXResourcesBuildPhase;
			buildActionMask = 2147483647;
			files = (
			);
			runOnlyForDeploymentPostprocessing = 0;
		};
		3373C5ED246E72130009BB0D /* Resources */ = {
			isa = PBXResourcesBuildPhase;
			buildActionMask = 2147483647;
			files = (
			);
			runOnlyForDeploymentPostprocessing = 0;
		};
/* End PBXResourcesBuildPhase section */

/* Begin PBXSourcesBuildPhase section */
		3373C5CA246E72090009BB0D /* Sources */ = {
			isa = PBXSourcesBuildPhase;
			buildActionMask = 2147483647;
			files = (
				3373C5D6246E72090009BB0D /* ViewController.swift in Sources */,
				3373C5D2246E72090009BB0D /* AppDelegate.swift in Sources */,
				3373C5D4246E72090009BB0D /* SceneDelegate.swift in Sources */,
				3373C621246E75750009BB0D /* ResultViewController.swift in Sources */,
			);
			runOnlyForDeploymentPostprocessing = 0;
		};
		3373C5E0246E72130009BB0D /* Sources */ = {
			isa = PBXSourcesBuildPhase;
			buildActionMask = 2147483647;
			files = (
				3373C5E9246E72130009BB0D /* GachaTests.swift in Sources */,
			);
			runOnlyForDeploymentPostprocessing = 0;
		};
		3373C5EB246E72130009BB0D /* Sources */ = {
			isa = PBXSourcesBuildPhase;
			buildActionMask = 2147483647;
			files = (
				3373C5F4246E72130009BB0D /* GachaUITests.swift in Sources */,
			);
			runOnlyForDeploymentPostprocessing = 0;
		};
/* End PBXSourcesBuildPhase section */

/* Begin PBXTargetDependency section */
		3373C5E6246E72130009BB0D /* PBXTargetDependency */ = {
			isa = PBXTargetDependency;
			target = 3373C5CD246E72090009BB0D /* Gacha */;
			targetProxy = 3373C5E5246E72130009BB0D /* PBXContainerItemProxy */;
		};
		3373C5F1246E72130009BB0D /* PBXTargetDependency */ = {
			isa = PBXTargetDependency;
			target = 3373C5CD246E72090009BB0D /* Gacha */;
			targetProxy = 3373C5F0246E72130009BB0D /* PBXContainerItemProxy */;
		};
/* End PBXTargetDependency section */

/* Begin PBXVariantGroup section */
		3373C5D7246E72090009BB0D /* Main.storyboard */ = {
			isa = PBXVariantGroup;
			children = (
				3373C5D8246E72090009BB0D /* Base */,
			);
			name = Main.storyboard;
			sourceTree = "<group>";
		};
		3373C5DC246E72130009BB0D /* LaunchScreen.storyboard */ = {
			isa = PBXVariantGroup;
			children = (
				3373C5DD246E72130009BB0D /* Base */,
			);
			name = LaunchScreen.storyboard;
			sourceTree = "<group>";
		};
/* End PBXVariantGroup section */

/* Begin XCBuildConfiguration section */
		3373C5F6246E72130009BB0D /* Debug */ = {
			isa = XCBuildConfiguration;
			buildSettings = {
				ALWAYS_SEARCH_USER_PATHS = NO;
				CLANG_ANALYZER_NONNULL = YES;
				CLANG_ANALYZER_NUMBER_OBJECT_CONVERSION = YES_AGGRESSIVE;
				CLANG_CXX_LANGUAGE_STANDARD = "gnu++14";
				CLANG_CXX_LIBRARY = "libc++";
				CLANG_ENABLE_MODULES = YES;
				CLANG_ENABLE_OBJC_ARC = YES;
				CLANG_ENABLE_OBJC_WEAK = YES;
				CLANG_WARN_BLOCK_CAPTURE_AUTORELEASING = YES;
				CLANG_WARN_BOOL_CONVERSION = YES;
				CLANG_WARN_COMMA = YES;
				CLANG_WARN_CONSTANT_CONVERSION = YES;
				CLANG_WARN_DEPRECATED_OBJC_IMPLEMENTATIONS = YES;
				CLANG_WARN_DIRECT_OBJC_ISA_USAGE = YES_ERROR;
				CLANG_WARN_DOCUMENTATION_COMMENTS = YES;
				CLANG_WARN_EMPTY_BODY = YES;
				CLANG_WARN_ENUM_CONVERSION = YES;
				CLANG_WARN_INFINITE_RECURSION = YES;
				CLANG_WARN_INT_CONVERSION = YES;
				CLANG_WARN_NON_LITERAL_NULL_CONVERSION = YES;
				CLANG_WARN_OBJC_IMPLICIT_RETAIN_SELF = YES;
				CLANG_WARN_OBJC_LITERAL_CONVERSION = YES;
				CLANG_WARN_OBJC_ROOT_CLASS = YES_ERROR;
				CLANG_WARN_RANGE_LOOP_ANALYSIS = YES;
				CLANG_WARN_STRICT_PROTOTYPES = YES;
				CLANG_WARN_SUSPICIOUS_MOVE = YES;
				CLANG_WARN_UNGUARDED_AVAILABILITY = YES_AGGRESSIVE;
				CLANG_WARN_UNREACHABLE_CODE = YES;
				CLANG_WARN__DUPLICATE_METHOD_MATCH = YES;
				COPY_PHASE_STRIP = NO;
				DEBUG_INFORMATION_FORMAT = dwarf;
				ENABLE_STRICT_OBJC_MSGSEND = YES;
				ENABLE_TESTABILITY = YES;
				GCC_C_LANGUAGE_STANDARD = gnu11;
				GCC_DYNAMIC_NO_PIC = NO;
				GCC_NO_COMMON_BLOCKS = YES;
				GCC_OPTIMIZATION_LEVEL = 0;
				GCC_PREPROCESSOR_DEFINITIONS = (
					"DEBUG=1",
					"$(inherited)",
				);
				GCC_WARN_64_TO_32_BIT_CONVERSION = YES;
				GCC_WARN_ABOUT_RETURN_TYPE = YES_ERROR;
				GCC_WARN_UNDECLARED_SELECTOR = YES;
				GCC_WARN_UNINITIALIZED_AUTOS = YES_AGGRESSIVE;
				GCC_WARN_UNUSED_FUNCTION = YES;
				GCC_WARN_UNUSED_VARIABLE = YES;
				IPHONEOS_DEPLOYMENT_TARGET = 13.4;
				MTL_ENABLE_DEBUG_INFO = INCLUDE_SOURCE;
				MTL_FAST_MATH = YES;
				ONLY_ACTIVE_ARCH = YES;
				SDKROOT = iphoneos;
				SWIFT_ACTIVE_COMPILATION_CONDITIONS = DEBUG;
				SWIFT_OPTIMIZATION_LEVEL = "-Onone";
			};
			name = Debug;
		};
		3373C5F7246E72130009BB0D /* Release */ = {
			isa = XCBuildConfiguration;
			buildSettings = {
				ALWAYS_SEARCH_USER_PATHS = NO;
				CLANG_ANALYZER_NONNULL = YES;
				CLANG_ANALYZER_NUMBER_OBJECT_CONVERSION = YES_AGGRESSIVE;
				CLANG_CXX_LANGUAGE_STANDARD = "gnu++14";
				CLANG_CXX_LIBRARY = "libc++";
				CLANG_ENABLE_MODULES = YES;
				CLANG_ENABLE_OBJC_ARC = YES;
				CLANG_ENABLE_OBJC_WEAK = YES;
				CLANG_WARN_BLOCK_CAPTURE_AUTORELEASING = YES;
				CLANG_WARN_BOOL_CONVERSION = YES;
				CLANG_WARN_COMMA = YES;
				CLANG_WARN_CONSTANT_CONVERSION = YES;
				CLANG_WARN_DEPRECATED_OBJC_IMPLEMENTATIONS = YES;
				CLANG_WARN_DIRECT_OBJC_ISA_USAGE = YES_ERROR;
				CLANG_WARN_DOCUMENTATION_COMMENTS = YES;
				CLANG_WARN_EMPTY_BODY = YES;
				CLANG_WARN_ENUM_CONVERSION = YES;
				CLANG_WARN_INFINITE_RECURSION = YES;
				CLANG_WARN_INT_CONVERSION = YES;
				CLANG_WARN_NON_LITERAL_NULL_CONVERSION = YES;
				CLANG_WARN_OBJC_IMPLICIT_RETAIN_SELF = YES;
				CLANG_WARN_OBJC_LITERAL_CONVERSION = YES;
				CLANG_WARN_OBJC_ROOT_CLASS = YES_ERROR;
				CLANG_WARN_RANGE_LOOP_ANALYSIS = YES;
				CLANG_WARN_STRICT_PROTOTYPES = YES;
				CLANG_WARN_SUSPICIOUS_MOVE = YES;
				CLANG_WARN_UNGUARDED_AVAILABILITY = YES_AGGRESSIVE;
				CLANG_WARN_UNREACHABLE_CODE = YES;
				CLANG_WARN__DUPLICATE_METHOD_MATCH = YES;
				COPY_PHASE_STRIP = NO;
				DEBUG_INFORMATION_FORMAT = "dwarf-with-dsym";
				ENABLE_NS_ASSERTIONS = NO;
				ENABLE_STRICT_OBJC_MSGSEND = YES;
				GCC_C_LANGUAGE_STANDARD = gnu11;
				GCC_NO_COMMON_BLOCKS = YES;
				GCC_WARN_64_TO_32_BIT_CONVERSION = YES;
				GCC_WARN_ABOUT_RETURN_TYPE = YES_ERROR;
				GCC_WARN_UNDECLARED_SELECTOR = YES;
				GCC_WARN_UNINITIALIZED_AUTOS = YES_AGGRESSIVE;
				GCC_WARN_UNUSED_FUNCTION = YES;
				GCC_WARN_UNUSED_VARIABLE = YES;
				IPHONEOS_DEPLOYMENT_TARGET = 13.4;
				MTL_ENABLE_DEBUG_INFO = NO;
				MTL_FAST_MATH = YES;
				SDKROOT = iphoneos;
				SWIFT_COMPILATION_MODE = wholemodule;
				SWIFT_OPTIMIZATION_LEVEL = "-O";
				VALIDATE_PRODUCT = YES;
			};
			name = Release;
		};
		3373C5F9246E72130009BB0D /* Debug */ = {
			isa = XCBuildConfiguration;
			buildSettings = {
				ASSETCATALOG_COMPILER_APPICON_NAME = AppIcon;
				CODE_SIGN_STYLE = Automatic;
				INFOPLIST_FILE = Gacha/Info.plist;
				LD_RUNPATH_SEARCH_PATHS = (
					"$(inherited)",
					"@executable_path/Frameworks",
				);
				PRODUCT_BUNDLE_IDENTIFIER = app.nishiwaki.sen.Gacha;
				PRODUCT_NAME = "$(TARGET_NAME)";
				SWIFT_VERSION = 5.0;
				TARGETED_DEVICE_FAMILY = "1,2";
			};
			name = Debug;
		};
		3373C5FA246E72130009BB0D /* Release */ = {
			isa = XCBuildConfiguration;
			buildSettings = {
				ASSETCATALOG_COMPILER_APPICON_NAME = AppIcon;
				CODE_SIGN_STYLE = Automatic;
				INFOPLIST_FILE = Gacha/Info.plist;
				LD_RUNPATH_SEARCH_PATHS = (
					"$(inherited)",
					"@executable_path/Frameworks",
				);
				PRODUCT_BUNDLE_IDENTIFIER = app.nishiwaki.sen.Gacha;
				PRODUCT_NAME = "$(TARGET_NAME)";
				SWIFT_VERSION = 5.0;
				TARGETED_DEVICE_FAMILY = "1,2";
			};
			name = Release;
		};
		3373C5FC246E72130009BB0D /* Debug */ = {
			isa = XCBuildConfiguration;
			buildSettings = {
				ALWAYS_EMBED_SWIFT_STANDARD_LIBRARIES = YES;
				BUNDLE_LOADER = "$(TEST_HOST)";
				CODE_SIGN_STYLE = Automatic;
				INFOPLIST_FILE = GachaTests/Info.plist;
				IPHONEOS_DEPLOYMENT_TARGET = 13.4;
				LD_RUNPATH_SEARCH_PATHS = (
					"$(inherited)",
					"@executable_path/Frameworks",
					"@loader_path/Frameworks",
				);
				PRODUCT_BUNDLE_IDENTIFIER = app.nishiwaki.sen.GachaTests;
				PRODUCT_NAME = "$(TARGET_NAME)";
				SWIFT_VERSION = 5.0;
				TARGETED_DEVICE_FAMILY = "1,2";
				TEST_HOST = "$(BUILT_PRODUCTS_DIR)/Gacha.app/Gacha";
			};
			name = Debug;
		};
		3373C5FD246E72130009BB0D /* Release */ = {
			isa = XCBuildConfiguration;
			buildSettings = {
				ALWAYS_EMBED_SWIFT_STANDARD_LIBRARIES = YES;
				BUNDLE_LOADER = "$(TEST_HOST)";
				CODE_SIGN_STYLE = Automatic;
				INFOPLIST_FILE = GachaTests/Info.plist;
				IPHONEOS_DEPLOYMENT_TARGET = 13.4;
				LD_RUNPATH_SEARCH_PATHS = (
					"$(inherited)",
					"@executable_path/Frameworks",
					"@loader_path/Frameworks",
				);
				PRODUCT_BUNDLE_IDENTIFIER = app.nishiwaki.sen.GachaTests;
				PRODUCT_NAME = "$(TARGET_NAME)";
				SWIFT_VERSION = 5.0;
				TARGETED_DEVICE_FAMILY = "1,2";
				TEST_HOST = "$(BUILT_PRODUCTS_DIR)/Gacha.app/Gacha";
			};
			name = Release;
		};
		3373C5FF246E72130009BB0D /* Debug */ = {
			isa = XCBuildConfiguration;
			buildSettings = {
				ALWAYS_EMBED_SWIFT_STANDARD_LIBRARIES = YES;
				CODE_SIGN_STYLE = Automatic;
				INFOPLIST_FILE = GachaUITests/Info.plist;
				LD_RUNPATH_SEARCH_PATHS = (
					"$(inherited)",
					"@executable_path/Frameworks",
					"@loader_path/Frameworks",
				);
				PRODUCT_BUNDLE_IDENTIFIER = app.nishiwaki.sen.GachaUITests;
				PRODUCT_NAME = "$(TARGET_NAME)";
				SWIFT_VERSION = 5.0;
				TARGETED_DEVICE_FAMILY = "1,2";
				TEST_TARGET_NAME = Gacha;
			};
			name = Debug;
		};
		3373C600246E72130009BB0D /* Release */ = {
			isa = XCBuildConfiguration;
			buildSettings = {
				ALWAYS_EMBED_SWIFT_STANDARD_LIBRARIES = YES;
				CODE_SIGN_STYLE = Automatic;
				INFOPLIST_FILE = GachaUITests/Info.plist;
				LD_RUNPATH_SEARCH_PATHS = (
					"$(inherited)",
					"@executable_path/Frameworks",
					"@loader_path/Frameworks",
				);
				PRODUCT_BUNDLE_IDENTIFIER = app.nishiwaki.sen.GachaUITests;
				PRODUCT_NAME = "$(TARGET_NAME)";
				SWIFT_VERSION = 5.0;
				TARGETED_DEVICE_FAMILY = "1,2";
				TEST_TARGET_NAME = Gacha;
			};
			name = Release;
		};
/* End XCBuildConfiguration section */

/* Begin XCConfigurationList section */
		3373C5C9246E72090009BB0D /* Build configuration list for PBXProject "Gacha" */ = {
			isa = XCConfigurationList;
			buildConfigurations = (
				3373C5F6246E72130009BB0D /* Debug */,
				3373C5F7246E72130009BB0D /* Release */,
			);
			defaultConfigurationIsVisible = 0;
			defaultConfigurationName = Release;
		};
		3373C5F8246E72130009BB0D /* Build configuration list for PBXNativeTarget "Gacha" */ = {
			isa = XCConfigurationList;
			buildConfigurations = (
				3373C5F9246E72130009BB0D /* Debug */,
				3373C5FA246E72130009BB0D /* Release */,
			);
			defaultConfigurationIsVisible = 0;
			defaultConfigurationName = Release;
		};
		3373C5FB246E72130009BB0D /* Build configuration list for PBXNativeTarget "GachaTests" */ = {
			isa = XCConfigurationList;
			buildConfigurations = (
				3373C5FC246E72130009BB0D /* Debug */,
				3373C5FD246E72130009BB0D /* Release */,
			);
			defaultConfigurationIsVisible = 0;
			defaultConfigurationName = Release;
		};
		3373C5FE246E72130009BB0D /* Build configuration list for PBXNativeTarget "GachaUITests" */ = {
			isa = XCConfigurationList;
			buildConfigurations = (
				3373C5FF246E72130009BB0D /* Debug */,
				3373C600246E72130009BB0D /* Release */,
			);
			defaultConfigurationIsVisible = 0;
			defaultConfigurationName = Release;
		};
/* End XCConfigurationList section */
	};
	rootObject = 3373C5C6246E72090009BB0D /* Project object */;
}
